
Microsoft Visual Studio Solution File, Format Version 12.00
# Visual Studio Version 16
VisualStudioVersion = 25.0.1700.0
MinimumVisualStudioVersion = 10.0.40219.1
Project("{FAE04EC0-301F-11D3-BF4B-00C04F79EFBC}") = "StorefrontApp", "StorefrontApp\StorefrontApp.csproj", "{0C249E8A-CD7D-49EE-B052-2EC237BAADE3}"
EndProject
Global
	GlobalSection(SolutionConfigurationPlatforms) = preSolution
		Debug|Any CPU = Debug|Any CPU
		Release|Any CPU = Release|Any CPU
	EndGlobalSection
	GlobalSection(ProjectConfigurationPlatforms) = postSolution
		{0C249E8A-CD7D-49EE-B052-2EC237BAADE3}.Debug|Any CPU.ActiveCfg = Debug|Any CPU
		{0C249E8A-CD7D-49EE-B052-2EC237BAADE3}.Debug|Any CPU.Build.0 = Debug|Any CPU
		{0C249E8A-CD7D-49EE-B052-2EC237BAADE3}.Release|Any CPU.ActiveCfg = Release|Any CPU
		{0C249E8A-CD7D-49EE-B052-2EC237BAADE3}.Release|Any CPU.Build.0 = Release|Any CPU
	EndGlobalSection
	GlobalSection(SolutionProperties) = preSolution
		HideSolutionNode = FALSE
	EndGlobalSection
	GlobalSection(ExtensibilityGlobals) = postSolution
		SolutionGuid = {82DC3360-F14E-451A-BD2C-6CD327CCD524}
	EndGlobalSection
EndGlobal
